// !$*UTF8*$!
{
	archiveVersion = 1;
	classes = {
	};
	objectVersion = 48;
	objects = {

/* Begin PBXBuildFile section */
		028755044DEAF0CA6D6AAA19 /* Pods_testPodProject.framework in Frameworks */ = {isa = PBXBuildFile; fileRef = 5C73EBBF413EB91E195E0337 /* Pods_testPodProject.framework */; };
		525180E1218D8362007C0E13 /* AppDelegate.m in Sources */ = {isa = PBXBuildFile; fileRef = 525180E0218D8362007C0E13 /* AppDelegate.m */; };
		525180E4218D8362007C0E13 /* ViewController.m in Sources */ = {isa = PBXBuildFile; fileRef = 525180E3218D8362007C0E13 /* ViewController.m */; };
		525180E7218D8362007C0E13 /* Main.storyboard in Resources */ = {isa = PBXBuildFile; fileRef = 525180E5218D8362007C0E13 /* Main.storyboard */; };
		525180E9218D8362007C0E13 /* Assets.xcassets in Resources */ = {isa = PBXBuildFile; fileRef = 525180E8218D8362007C0E13 /* Assets.xcassets */; };
		525180EC218D8362007C0E13 /* LaunchScreen.storyboard in Resources */ = {isa = PBXBuildFile; fileRef = 525180EA218D8362007C0E13 /* LaunchScreen.storyboard */; };
		525180EF218D8362007C0E13 /* main.m in Sources */ = {isa = PBXBuildFile; fileRef = 525180EE218D8362007C0E13 /* main.m */; };
/* End PBXBuildFile section */

/* Begin PBXFileReference section */
		525180DC218D8362007C0E13 /* testPodProject.app */ = {isa = PBXFileReference; explicitFileType = wrapper.application; includeInIndex = 0; path = testPodProject.app; sourceTree = BUILT_PRODUCTS_DIR; };
		525180DF218D8362007C0E13 /* AppDelegate.h */ = {isa = PBXFileReference; lastKnownFileType = sourcecode.c.h; path = AppDelegate.h; sourceTree = "<group>"; };
		525180E0218D8362007C0E13 /* AppDelegate.m */ = {isa = PBXFileReference; lastKnownFileType = sourcecode.c.objc; path = AppDelegate.m; sourceTree = "<group>"; };
		525180E2218D8362007C0E13 /* ViewController.h */ = {isa = PBXFileReference; lastKnownFileType = sourcecode.c.h; path = ViewController.h; sourceTree = "<group>"; };
		525180E3218D8362007C0E13 /* ViewController.m */ = {isa = PBXFileReference; lastKnownFileType = sourcecode.c.objc; path = ViewController.m; sourceTree = "<group>"; };
		525180E6218D8362007C0E13 /* Base */ = {isa = PBXFileReference; lastKnownFileType = file.storyboard; name = Base; path = Base.lproj/Main.storyboard; sourceTree = "<group>"; };
		525180E8218D8362007C0E13 /* Assets.xcassets */ = {isa = PBXFileReference; lastKnownFileType = folder.assetcatalog; path = Assets.xcassets; sourceTree = "<group>"; };
		525180EB218D8362007C0E13 /* Base */ = {isa = PBXFileReference; lastKnownFileType = file.storyboard; name = Base; path = Base.lproj/LaunchScreen.storyboard; sourceTree = "<group>"; };
		525180ED218D8362007C0E13 /* Info.plist */ = {isa = PBXFileReference; lastKnownFileType = text.plist.xml; path = Info.plist; sourceTree = "<group>"; };
		525180EE218D8362007C0E13 /* main.m */ = {isa = PBXFileReference; lastKnownFileType = sourcecode.c.objc; path = main.m; sourceTree = "<group>"; };
		5C73EBBF413EB91E195E0337 /* Pods_testPodProject.framework */ = {isa = PBXFileReference; explicitFileType = wrapper.framework; includeInIndex = 0; path = Pods_testPodProject.framework; sourceTree = BUILT_PRODUCTS_DIR; };
		9FEDE1F0B21398F6FDB9F5C9 /* Pods-testPodProject.debug.xcconfig */ = {isa = PBXFileReference; includeInIndex = 1; lastKnownFileType = text.xcconfig; name = "Pods-testPodProject.debug.xcconfig"; path = "Pods/Target Support Files/Pods-testPodProject/Pods-testPodProject.debug.xcconfig"; sourceTree = "<group>"; };
		D5F21454F7C7953959EE6414 /* Pods-testPodProject.release.xcconfig */ = {isa = PBXFileReference; includeInIndex = 1; lastKnownFileType = text.xcconfig; name = "Pods-testPodProject.release.xcconfig"; path = "Pods/Target Support Files/Pods-testPodProject/Pods-testPodProject.release.xcconfig"; sourceTree = "<group>"; };
/* End PBXFileReference section */

/* Begin PBXFrameworksBuildPhase section */
		525180D9218D8362007C0E13 /* Frameworks */ = {
			isa = PBXFrameworksBuildPhase;
			buildActionMask = 2147483647;
			files = (
				028755044DEAF0CA6D6AAA19 /* Pods_testPodProject.framework in Frameworks */,
			);
			runOnlyForDeploymentPostprocessing = 0;
		};
/* End PBXFrameworksBuildPhase section */

/* Begin PBXGroup section */
		3058985FC7BCC2B549444F54 /* Pods */ = {
			isa = PBXGroup;
			children = (
				9FEDE1F0B21398F6FDB9F5C9 /* Pods-testPodProject.debug.xcconfig */,
				D5F21454F7C7953959EE6414 /* Pods-testPodProject.release.xcconfig */,
			);
			name = Pods;
			sourceTree = "<group>";
		};
		525180D3218D8362007C0E13 = {
			isa = PBXGroup;
			children = (
				525180DE218D8362007C0E13 /* testPodProject */,
				525180DD218D8362007C0E13 /* Products */,
				3058985FC7BCC2B549444F54 /* Pods */,
				71210FA2814FB892AC958868 /* Frameworks */,
			);
			sourceTree = "<group>";
		};
		525180DD218D8362007C0E13 /* Products */ = {
			isa = PBXGroup;
			children = (
				525180DC218D8362007C0E13 /* testPodProject.app */,
			);
			name = Products;
			sourceTree = "<group>";
		};
		525180DE218D8362007C0E13 /* testPodProject */ = {
			isa = PBXGroup;
			children = (
				525180DF218D8362007C0E13 /* AppDelegate.h */,
				525180E0218D8362007C0E13 /* AppDelegate.m */,
				525180E2218D8362007C0E13 /* ViewController.h */,
				525180E3218D8362007C0E13 /* ViewController.m */,
				525180E5218D8362007C0E13 /* Main.storyboard */,
				525180E8218D8362007C0E13 /* Assets.xcassets */,
				525180EA218D8362007C0E13 /* LaunchScreen.storyboard */,
				525180ED218D8362007C0E13 /* Info.plist */,
				525180EE218D8362007C0E13 /* main.m */,
			);
			path = testPodProject;
			sourceTree = "<group>";
		};
		71210FA2814FB892AC958868 /* Frameworks */ = {
			isa = PBXGroup;
			children = (
				5C73EBBF413EB91E195E0337 /* Pods_testPodProject.framework */,
			);
			name = Frameworks;
			sourceTree = "<group>";
		};
/* End PBXGroup section */

/* Begin PBXNativeTarget section */
		525180DB218D8362007C0E13 /* testPodProject */ = {
			isa = PBXNativeTarget;
			buildConfigurationList = 525180F2218D8362007C0E13 /* Build configuration list for PBXNativeTarget "testPodProject" */;
			buildPhases = (
				6C847F82A1E67D9E53C5C8C9 /* [CP] Check Pods Manifest.lock */,
				525180D8218D8362007C0E13 /* Sources */,
				525180D9218D8362007C0E13 /* Frameworks */,
				525180DA218D8362007C0E13 /* Resources */,
				04FAC2A23870480D7153D8F7 /* [CP] Embed Pods Frameworks */,
				0ACEC9D340D23D8E7553232C /* [CP] Copy Pods Resources */,
			);
			buildRules = (
			);
			dependencies = (
			);
			name = testPodProject;
			productName = testPodProject;
			productReference = 525180DC218D8362007C0E13 /* testPodProject.app */;
			productType = "com.apple.product-type.application";
		};
/* End PBXNativeTarget section */

/* Begin PBXProject section */
		525180D4218D8362007C0E13 /* Project object */ = {
			isa = PBXProject;
			attributes = {
				LastUpgradeCheck = 0920;
				ORGANIZATIONNAME = PeiJueChen;
				TargetAttributes = {
					525180DB218D8362007C0E13 = {
						CreatedOnToolsVersion = 9.2;
						ProvisioningStyle = Automatic;
					};
				};
			};
			buildConfigurationList = 525180D7218D8362007C0E13 /* Build configuration list for PBXProject "testPodProject" */;
			compatibilityVersion = "Xcode 8.0";
			developmentRegion = en;
			hasScannedForEncodings = 0;
			knownRegions = (
				en,
				Base,
			);
			mainGroup = 525180D3218D8362007C0E13;
			productRefGroup = 525180DD218D8362007C0E13 /* Products */;
			projectDirPath = "";
			projectRoot = "";
			targets = (
				525180DB218D8362007C0E13 /* testPodProject */,
			);
		};
/* End PBXProject section */

/* Begin PBXResourcesBuildPhase section */
		525180DA218D8362007C0E13 /* Resources */ = {
			isa = PBXResourcesBuildPhase;
			buildActionMask = 2147483647;
			files = (
				525180EC218D8362007C0E13 /* LaunchScreen.storyboard in Resources */,
				525180E9218D8362007C0E13 /* Assets.xcassets in Resources */,
				525180E7218D8362007C0E13 /* Main.storyboard in Resources */,
			);
			runOnlyForDeploymentPostprocessing = 0;
		};
/* End PBXResourcesBuildPhase section */

/* Begin PBXShellScriptBuildPhase section */
		04FAC2A23870480D7153D8F7 /* [CP] Embed Pods Frameworks */ = {
			isa = PBXShellScriptBuildPhase;
			buildActionMask = 2147483647;
			files = (
			);
			inputPaths = (
				"${SRCROOT}/Pods/Target Support Files/Pods-testPodProject/Pods-testPodProject-frameworks.sh",
				"${PODS_ROOT}/../testOrderPlaceSDK/frameworks/OrderPlaceSDK.framework",
			);
			name = "[CP] Embed Pods Frameworks";
			outputPaths = (
				"${TARGET_BUILD_DIR}/${FRAMEWORKS_FOLDER_PATH}/OrderPlaceSDK.framework",
			);
			runOnlyForDeploymentPostprocessing = 0;
			shellPath = /bin/sh;
			shellScript = "\"${SRCROOT}/Pods/Target Support Files/Pods-testPodProject/Pods-testPodProject-frameworks.sh\"\n";
			showEnvVarsInLog = 0;
		};
		0ACEC9D340D23D8E7553232C /* [CP] Copy Pods Resources */ = {
			isa = PBXShellScriptBuildPhase;
			buildActionMask = 2147483647;
			files = (
			);
			inputPaths = (
				"${SRCROOT}/Pods/Target Support Files/Pods-testPodProject/Pods-testPodProject-resources.sh",
				"${PODS_ROOT}/../testOrderPlaceSDK/Assets/AlipaySDK.bundle",
				"${PODS_ROOT}/../testOrderPlaceSDK/Assets/i.png",
				"${PODS_CONFIGURATION_BUILD_DIR}/testOrderPlaceSDK/testOrderPlaceSDK.bundle",
			);
			name = "[CP] Copy Pods Resources";
			outputPaths = (
				"${TARGET_BUILD_DIR}/${UNLOCALIZED_RESOURCES_FOLDER_PATH}/AlipaySDK.bundle",
				"${TARGET_BUILD_DIR}/${UNLOCALIZED_RESOURCES_FOLDER_PATH}/i.png",
				"${TARGET_BUILD_DIR}/${UNLOCALIZED_RESOURCES_FOLDER_PATH}/testOrderPlaceSDK.bundle",
			);
			runOnlyForDeploymentPostprocessing = 0;
			shellPath = /bin/sh;
			shellScript = "\"${SRCROOT}/Pods/Target Support Files/Pods-testPodProject/Pods-testPodProject-resources.sh\"\n";
			showEnvVarsInLog = 0;
		};
		6C847F82A1E67D9E53C5C8C9 /* [CP] Check Pods Manifest.lock */ = {
			isa = PBXShellScriptBuildPhase;
			buildActionMask = 2147483647;
			files = (
			);
			inputPaths = (
				"${PODS_PODFILE_DIR_PATH}/Podfile.lock",
				"${PODS_ROOT}/Manifest.lock",
			);
			name = "[CP] Check Pods Manifest.lock";
			outputPaths = (
				"$(DERIVED_FILE_DIR)/Pods-testPodProject-checkManifestLockResult.txt",
			);
			runOnlyForDeploymentPostprocessing = 0;
			shellPath = /bin/sh;
			shellScript = "diff \"${PODS_PODFILE_DIR_PATH}/Podfile.lock\" \"${PODS_ROOT}/Manifest.lock\" > /dev/null\nif [ $? != 0 ] ; then\n    # print error to STDERR\n    echo \"error: The sandbox is not in sync with the Podfile.lock. Run 'pod install' or update your CocoaPods installation.\" >&2\n    exit 1\nfi\n# This output is used by Xcode 'outputs' to avoid re-running this script phase.\necho \"SUCCESS\" > \"${SCRIPT_OUTPUT_FILE_0}\"\n";
			showEnvVarsInLog = 0;
		};
/* End PBXShellScriptBuildPhase section */

/* Begin PBXSourcesBuildPhase section */
		525180D8218D8362007C0E13 /* Sources */ = {
			isa = PBXSourcesBuildPhase;
			buildActionMask = 2147483647;
			files = (
				525180E4218D8362007C0E13 /* ViewController.m in Sources */,
				525180EF218D8362007C0E13 /* main.m in Sources */,
				525180E1218D8362007C0E13 /* AppDelegate.m in Sources */,
			);
			runOnlyForDeploymentPostprocessing = 0;
		};
/* End PBXSourcesBuildPhase section */

/* Begin PBXVariantGroup section */
		525180E5218D8362007C0E13 /* Main.storyboard */ = {
			isa = PBXVariantGroup;
			children = (
				525180E6218D8362007C0E13 /* Base */,
			);
			name = Main.storyboard;
			sourceTree = "<group>";
		};
		525180EA218D8362007C0E13 /* LaunchScreen.storyboard */ = {
			isa = PBXVariantGroup;
			children = (
				525180EB218D8362007C0E13 /* Base */,
			);
			name = LaunchScreen.storyboard;
			sourceTree = "<group>";
		};
/* End PBXVariantGroup section */

/* Begin XCBuildConfiguration section */
		525180F0218D8362007C0E13 /* Debug */ = {
			isa = XCBuildConfiguration;
			buildSettings = {
				ALWAYS_SEARCH_USER_PATHS = NO;
				CLANG_ANALYZER_NONNULL = YES;
				CLANG_ANALYZER_NUMBER_OBJECT_CONVERSION = YES_AGGRESSIVE;
				CLANG_CXX_LANGUAGE_STANDARD = "gnu++14";
				CLANG_CXX_LIBRARY = "libc++";
				CLANG_ENABLE_MODULES = YES;
				CLANG_ENABLE_OBJC_ARC = YES;
				CLANG_WARN_BLOCK_CAPTURE_AUTORELEASING = YES;
				CLANG_WARN_BOOL_CONVERSION = YES;
				CLANG_WARN_COMMA = YES;
				CLANG_WARN_CONSTANT_CONVERSION = YES;
				CLANG_WARN_DIRECT_OBJC_ISA_USAGE = YES_ERROR;
				CLANG_WARN_DOCUMENTATION_COMMENTS = YES;
				CLANG_WARN_EMPTY_BODY = YES;
				CLANG_WARN_ENUM_CONVERSION = YES;
				CLANG_WARN_INFINITE_RECURSION = YES;
				CLANG_WARN_INT_CONVERSION = YES;
				CLANG_WARN_NON_LITERAL_NULL_CONVERSION = YES;
				CLANG_WARN_OBJC_LITERAL_CONVERSION = YES;
				CLANG_WARN_OBJC_ROOT_CLASS = YES_ERROR;
				CLANG_WARN_RANGE_LOOP_ANALYSIS = YES;
				CLANG_WARN_STRICT_PROTOTYPES = YES;
				CLANG_WARN_SUSPICIOUS_MOVE = YES;
				CLANG_WARN_UNGUARDED_AVAILABILITY = YES_AGGRESSIVE;
				CLANG_WARN_UNREACHABLE_CODE = YES;
				CLANG_WARN__DUPLICATE_METHOD_MATCH = YES;
				CODE_SIGN_IDENTITY = "iPhone Developer";
				COPY_PHASE_STRIP = NO;
				DEBUG_INFORMATION_FORMAT = dwarf;
				ENABLE_STRICT_OBJC_MSGSEND = YES;
				ENABLE_TESTABILITY = YES;
				GCC_C_LANGUAGE_STANDARD = gnu11;
				GCC_DYNAMIC_NO_PIC = NO;
				GCC_NO_COMMON_BLOCKS = YES;
				GCC_OPTIMIZATION_LEVEL = 0;
				GCC_PREPROCESSOR_DEFINITIONS = (
					"DEBUG=1",
					"$(inherited)",
				);
				GCC_WARN_64_TO_32_BIT_CONVERSION = YES;
				GCC_WARN_ABOUT_RETURN_TYPE = YES_ERROR;
				GCC_WARN_UNDECLARED_SELECTOR = YES;
				GCC_WARN_UNINITIALIZED_AUTOS = YES_AGGRESSIVE;
				GCC_WARN_UNUSED_FUNCTION = YES;
				GCC_WARN_UNUSED_VARIABLE = YES;
				IPHONEOS_DEPLOYMENT_TARGET = 9.0;
				MTL_ENABLE_DEBUG_INFO = YES;
				ONLY_ACTIVE_ARCH = YES;
				SDKROOT = iphoneos;
			};
			name = Debug;
		};
		525180F1218D8362007C0E13 /* Release */ = {
			isa = XCBuildConfiguration;
			buildSettings = {
				ALWAYS_SEARCH_USER_PATHS = NO;
				CLANG_ANALYZER_NONNULL = YES;
				CLANG_ANALYZER_NUMBER_OBJECT_CONVERSION = YES_AGGRESSIVE;
				CLANG_CXX_LANGUAGE_STANDARD = "gnu++14";
				CLANG_CXX_LIBRARY = "libc++";
				CLANG_ENABLE_MODULES = YES;
				CLANG_ENABLE_OBJC_ARC = YES;
				CLANG_WARN_BLOCK_CAPTURE_AUTORELEASING = YES;
				CLANG_WARN_BOOL_CONVERSION = YES;
				CLANG_WARN_COMMA = YES;
				CLANG_WARN_CONSTANT_CONVERSION = YES;
				CLANG_WARN_DIRECT_OBJC_ISA_USAGE = YES_ERROR;
				CLANG_WARN_DOCUMENTATION_COMMENTS = YES;
				CLANG_WARN_EMPTY_BODY = YES;
				CLANG_WARN_ENUM_CONVERSION = YES;
				CLANG_WARN_INFINITE_RECURSION = YES;
				CLANG_WARN_INT_CONVERSION = YES;
				CLANG_WARN_NON_LITERAL_NULL_CONVERSION = YES;
				CLANG_WARN_OBJC_LITERAL_CONVERSION = YES;
				CLANG_WARN_OBJC_ROOT_CLASS = YES_ERROR;
				CLANG_WARN_RANGE_LOOP_ANALYSIS = YES;
				CLANG_WARN_STRICT_PROTOTYPES = YES;
				CLANG_WARN_SUSPICIOUS_MOVE = YES;
				CLANG_WARN_UNGUARDED_AVAILABILITY = YES_AGGRESSIVE;
				CLANG_WARN_UNREACHABLE_CODE = YES;
				CLANG_WARN__DUPLICATE_METHOD_MATCH = YES;
				CODE_SIGN_IDENTITY = "iPhone Developer";
				COPY_PHASE_STRIP = NO;
				DEBUG_INFORMATION_FORMAT = "dwarf-with-dsym";
				ENABLE_NS_ASSERTIONS = NO;
				ENABLE_STRICT_OBJC_MSGSEND = YES;
				GCC_C_LANGUAGE_STANDARD = gnu11;
				GCC_NO_COMMON_BLOCKS = YES;
				GCC_WARN_64_TO_32_BIT_CONVERSION = YES;
				GCC_WARN_ABOUT_RETURN_TYPE = YES_ERROR;
				GCC_WARN_UNDECLARED_SELECTOR = YES;
				GCC_WARN_UNINITIALIZED_AUTOS = YES_AGGRESSIVE;
				GCC_WARN_UNUSED_FUNCTION = YES;
				GCC_WARN_UNUSED_VARIABLE = YES;
				IPHONEOS_DEPLOYMENT_TARGET = 9.0;
				MTL_ENABLE_DEBUG_INFO = NO;
				SDKROOT = iphoneos;
				VALIDATE_PRODUCT = YES;
			};
			name = Release;
		};
		525180F3218D8362007C0E13 /* Debug */ = {
			isa = XCBuildConfiguration;
			baseConfigurationReference = 9FEDE1F0B21398F6FDB9F5C9 /* Pods-testPodProject.debug.xcconfig */;
			buildSettings = {
				ALWAYS_EMBED_SWIFT_STANDARD_LIBRARIES = YES;
				ASSETCATALOG_COMPILER_APPICON_NAME = AppIcon;
				CODE_SIGN_STYLE = Automatic;
				INFOPLIST_FILE = testPodProject/Info.plist;
				LD_RUNPATH_SEARCH_PATHS = "$(inherited) @executable_path/Frameworks";
				PRODUCT_BUNDLE_IDENTIFIER = lala.testPodProject;
				PRODUCT_NAME = "$(TARGET_NAME)";
				TARGETED_DEVICE_FAMILY = "1,2";
			};
			name = Debug;
		};
		525180F4218D8362007C0E13 /* Release */ = {
			isa = XCBuildConfiguration;
			baseConfigurationReference = D5F21454F7C7953959EE6414 /* Pods-testPodProject.release.xcconfig */;
			buildSettings = {
				ALWAYS_EMBED_SWIFT_STANDARD_LIBRARIES = YES;
				ASSETCATALOG_COMPILER_APPICON_NAME = AppIcon;
				CODE_SIGN_STYLE = Automatic;
				INFOPLIST_FILE = testPodProject/Info.plist;
				LD_RUNPATH_SEARCH_PATHS = "$(inherited) @executable_path/Frameworks";
				PRODUCT_BUNDLE_IDENTIFIER = lala.testPodProject;
				PRODUCT_NAME = "$(TARGET_NAME)";
				TARGETED_DEVICE_FAMILY = "1,2";
			};
			name = Release;
		};
/* End XCBuildConfiguration section */

/* Begin XCConfigurationList section */
		525180D7218D8362007C0E13 /* Build configuration list for PBXProject "testPodProject" */ = {
			isa = XCConfigurationList;
			buildConfigurations = (
				525180F0218D8362007C0E13 /* Debug */,
				525180F1218D8362007C0E13 /* Release */,
			);
			defaultConfigurationIsVisible = 0;
			defaultConfigurationName = Release;
		};
		525180F2218D8362007C0E13 /* Build configuration list for PBXNativeTarget "testPodProject" */ = {
			isa = XCConfigurationList;
			buildConfigurations = (
				525180F3218D8362007C0E13 /* Debug */,
				525180F4218D8362007C0E13 /* Release */,
			);
			defaultConfigurationIsVisible = 0;
			defaultConfigurationName = Release;
		};
/* End XCConfigurationList section */
	};
	rootObject = 525180D4218D8362007C0E13 /* Project object */;
}
